
Microsoft Visual Studio Solution File, Format Version 12.00
# Visual Studio Version 17
VisualStudioVersion = 17.7.34003.232
MinimumVisualStudioVersion = 10.0.40219.1
Project("{FAE04EC0-301F-11D3-BF4B-00C04F79EFBC}") = "joking", "joking\joking.csproj", "{773BF7F9-A073-445B-B596-2921B701929D}"
EndProject
Project("{2150E333-8FDC-42A3-9474-1A3956D46DE8}") = "Solution Items", "Solution Items", "{10DCD0BE-E3F7-49F8-B8B2-30BEDEF6C1EF}"
	ProjectSection(SolutionItems) = preProject
		.editorconfig = .editorconfig
	EndProjectSection
EndProject
Global
	GlobalSection(SolutionConfigurationPlatforms) = preSolution
		Debug|Any CPU = Debug|Any CPU
		Release|Any CPU = Release|Any CPU
	EndGlobalSection
	GlobalSection(ProjectConfigurationPlatforms) = postSolution
		{773BF7F9-A073-445B-B596-2921B701929D}.Debug|Any CPU.ActiveCfg = Debug|Any CPU
		{773BF7F9-A073-445B-B596-2921B701929D}.Debug|Any CPU.Build.0 = Debug|Any CPU
		{773BF7F9-A073-445B-B596-2921B701929D}.Release|Any CPU.ActiveCfg = Release|Any CPU
		{773BF7F9-A073-445B-B596-2921B701929D}.Release|Any CPU.Build.0 = Release|Any CPU
	EndGlobalSection
	GlobalSection(SolutionProperties) = preSolution
		HideSolutionNode = FALSE
	EndGlobalSection
	GlobalSection(ExtensibilityGlobals) = postSolution
		SolutionGuid = {CE1107CA-C0BD-41DE-8884-82EC9BD742E2}
	EndGlobalSection
EndGlobal
